# THIS IS AN AUTOGENERATED FILE. DO NOT EDIT THIS FILE DIRECTLY.
# yarn lockfile v1


fast-base64-decode@^1.0.0:
  version "1.0.0"
  resolved "https://registry.yarnpkg.com/fast-base64-decode/-/fast-base64-decode-1.0.0.tgz#b434a0dd7d92b12b43f26819300d2dafb83ee418"
  integrity sha512-qwaScUgUGBYeDNRnbc/KyllVU88Jk1pRHPStuF/lO7B0/RTRLj7U0lkdTAutlBblY08rwZDff6tNU9cjv6j//Q==

nanoid@^5.0.3:
  version "5.0.3"
  resolved "https://registry.yarnpkg.com/nanoid/-/nanoid-5.0.3.tgz#6c97f53d793a7a1de6a38ebb46f50f95bf9793c7"
  integrity sha512-I7X2b22cxA4LIHXPSqbBCEQSL+1wv8TuoefejsX4HFWyC6jc5JG7CEaxOltiKjc1M+YCS2YkrZZcj4+dytw9GA==

react-native-get-random-values@^1.9.0:
  version "1.9.0"
  resolved "https://registry.yarnpkg.com/react-native-get-random-values/-/react-native-get-random-values-1.9.0.tgz#6cb30511c406922e75fe73833dc1812a85bfb37e"
  integrity sha512-+29IR2oxzxNVeaRwCqGZ9ABadzMI8SLTBidrIDXPOkKnm5+kEmLt34QKM4JV+d2usPErvKyS85le0OmGTHnyWQ==
  dependencies:
    fast-base64-decode "^1.0.0"
